
Microsoft Visual Studio Solution File, Format Version 12.00
# Visual Studio Version 17
VisualStudioVersion = 17.3.32901.215
MinimumVisualStudioVersion = 10.0.40219.1
Project("{FAE04EC0-301F-11D3-BF4B-00C04F79EFBC}") = "MYAZ303_MVC", "MYAZ303_MVC\MYAZ303_MVC.csproj", "{BA5F2B49-2126-4188-811A-B5F5216E39DF}"
EndProject
Global
	GlobalSection(SolutionConfigurationPlatforms) = preSolution
		Debug|Any CPU = Debug|Any CPU
		Release|Any CPU = Release|Any CPU
	EndGlobalSection
	GlobalSection(ProjectConfigurationPlatforms) = postSolution
		{BA5F2B49-2126-4188-811A-B5F5216E39DF}.Debug|Any CPU.ActiveCfg = Debug|Any CPU
		{BA5F2B49-2126-4188-811A-B5F5216E39DF}.Debug|Any CPU.Build.0 = Debug|Any CPU
		{BA5F2B49-2126-4188-811A-B5F5216E39DF}.Release|Any CPU.ActiveCfg = Release|Any CPU
		{BA5F2B49-2126-4188-811A-B5F5216E39DF}.Release|Any CPU.Build.0 = Release|Any CPU
	EndGlobalSection
	GlobalSection(SolutionProperties) = preSolution
		HideSolutionNode = FALSE
	EndGlobalSection
	GlobalSection(ExtensibilityGlobals) = postSolution
		SolutionGuid = {7944D993-85B5-4477-B31C-F33D6E2CFE66}
	EndGlobalSection
EndGlobal
